
Microsoft Visual Studio Solution File, Format Version 12.00
# Visual Studio Version 17
VisualStudioVersion = 17.8.34316.72
MinimumVisualStudioVersion = 10.0.40219.1
Project("{9A19103F-16F7-4668-BE54-9A1E7A4F7556}") = "BSR", "BSR\BSR.csproj", "{BAF8135D-6717-4806-B44A-D4ACBD401E95}"
EndProject
Global
	GlobalSection(SolutionConfigurationPlatforms) = preSolution
		Debug|Any CPU = Debug|Any CPU
		Release|Any CPU = Release|Any CPU
	EndGlobalSection
	GlobalSection(ProjectConfigurationPlatforms) = postSolution
		{BAF8135D-6717-4806-B44A-D4ACBD401E95}.Debug|Any CPU.ActiveCfg = Debug|Any CPU
		{BAF8135D-6717-4806-B44A-D4ACBD401E95}.Debug|Any CPU.Build.0 = Debug|Any CPU
		{BAF8135D-6717-4806-B44A-D4ACBD401E95}.Release|Any CPU.ActiveCfg = Release|Any CPU
		{BAF8135D-6717-4806-B44A-D4ACBD401E95}.Release|Any CPU.Build.0 = Release|Any CPU
	EndGlobalSection
	GlobalSection(SolutionProperties) = preSolution
		HideSolutionNode = FALSE
	EndGlobalSection
	GlobalSection(ExtensibilityGlobals) = postSolution
		SolutionGuid = {255ACB35-4AF9-49BB-8D73-4D6C58E6C22D}
	EndGlobalSection
EndGlobal
